// !$*UTF8*$!
{
	archiveVersion = 1;
	classes = {
	};
	objectVersion = 55;
	objects = {

/* Begin PBXBuildFile section */
		5B0F21E527AB2A0900B953E8 /* MenuButtons.swift in Sources */ = {isa = PBXBuildFile; fileRef = 5B0F21E427AB2A0900B953E8 /* MenuButtons.swift */; };
		5B0F21E727AB2BA700B953E8 /* MenuViewModel.swift in Sources */ = {isa = PBXBuildFile; fileRef = 5B0F21E627AB2BA700B953E8 /* MenuViewModel.swift */; };
		5B269AE127BD8C68003976BC /* Tone.swift in Sources */ = {isa = PBXBuildFile; fileRef = 5B269AE027BD8C68003976BC /* Tone.swift */; };
		5B269AF827BE118F003976BC /* ListActionsView.swift in Sources */ = {isa = PBXBuildFile; fileRef = 5B269AF727BE118F003976BC /* ListActionsView.swift */; };
		5B64855527ABB53B00378FBC /* GoogleService-Info.plist in Resources */ = {isa = PBXBuildFile; fileRef = 5B64855427ABB53B00378FBC /* GoogleService-Info.plist */; };
		5B826CF027F23D4000D812D0 /* FirebaseFirestore in Frameworks */ = {isa = PBXBuildFile; productRef = 5B826CEF27F23D4000D812D0 /* FirebaseFirestore */; };
		5B826CF227F23D4000D812D0 /* FirebaseFirestoreCombine-Community in Frameworks */ = {isa = PBXBuildFile; productRef = 5B826CF127F23D4000D812D0 /* FirebaseFirestoreCombine-Community */; };
		5B826CF427F23D4500D812D0 /* FetchImage in Frameworks */ = {isa = PBXBuildFile; productRef = 5B826CF327F23D4500D812D0 /* FetchImage */; };
		5B826CF627F23D4D00D812D0 /* Realm in Frameworks */ = {isa = PBXBuildFile; productRef = 5B826CF527F23D4D00D812D0 /* Realm */; };
		5B826CF827F23D4D00D812D0 /* RealmSwift in Frameworks */ = {isa = PBXBuildFile; productRef = 5B826CF727F23D4D00D812D0 /* RealmSwift */; };
		5B826CFC27F23F3F00D812D0 /* ToneLibrary in Frameworks */ = {isa = PBXBuildFile; productRef = 5B826CFB27F23F3F00D812D0 /* ToneLibrary */; };
		5B8F62F327B50B3500EA84BC /* ClientsView.swift in Sources */ = {isa = PBXBuildFile; fileRef = 5B8F62F227B50B3400EA84BC /* ClientsView.swift */; };
		5B8F62F527B50B5600EA84BC /* DemoView.swift in Sources */ = {isa = PBXBuildFile; fileRef = 5B8F62F427B50B5600EA84BC /* DemoView.swift */; };
		5B9331AA27A9A02700C61580 /* ToneKnowsApp.swift in Sources */ = {isa = PBXBuildFile; fileRef = 5B9331A927A9A02700C61580 /* ToneKnowsApp.swift */; };
		5B9331AC27A9A02700C61580 /* ContentView.swift in Sources */ = {isa = PBXBuildFile; fileRef = 5B9331AB27A9A02700C61580 /* ContentView.swift */; };
		5B9331AE27A9A02900C61580 /* Assets.xcassets in Resources */ = {isa = PBXBuildFile; fileRef = 5B9331AD27A9A02900C61580 /* Assets.xcassets */; };
		5B9331B127A9A02900C61580 /* Preview Assets.xcassets in Resources */ = {isa = PBXBuildFile; fileRef = 5B9331B027A9A02900C61580 /* Preview Assets.xcassets */; };
		5B9331BE27A9A51B00C61580 /* ContentViewModel.swift in Sources */ = {isa = PBXBuildFile; fileRef = 5B9331BD27A9A51B00C61580 /* ContentViewModel.swift */; };
		5B9DF3F227CD271A00D9EC9D /* HomeView.swift in Sources */ = {isa = PBXBuildFile; fileRef = 5B9DF3F127CD271A00D9EC9D /* HomeView.swift */; };
		5B9DF3F427CD279D00D9EC9D /* AboutUsView.swift in Sources */ = {isa = PBXBuildFile; fileRef = 5B9DF3F327CD279D00D9EC9D /* AboutUsView.swift */; };
		5B9DF3F627CD27AF00D9EC9D /* ContacUsView.swift in Sources */ = {isa = PBXBuildFile; fileRef = 5B9DF3F527CD27AF00D9EC9D /* ContacUsView.swift */; };
		5B9DF3F827CD27DB00D9EC9D /* TryItView.swift in Sources */ = {isa = PBXBuildFile; fileRef = 5B9DF3F727CD27DB00D9EC9D /* TryItView.swift */; };
		5BF8DA6327B53B76007BA4C7 /* RemoteImageModel.swift in Sources */ = {isa = PBXBuildFile; fileRef = 5BF8DA6227B53B76007BA4C7 /* RemoteImageModel.swift */; };
		DFA414C627CE5423003647B5 /* frequency_tables.json in Resources */ = {isa = PBXBuildFile; fileRef = DFA414C527CE5423003647B5 /* frequency_tables.json */; };
/* End PBXBuildFile section */

/* Begin PBXCopyFilesBuildPhase section */
		5B8F62C327B4790300EA84BC /* Embed Frameworks */ = {
			isa = PBXCopyFilesBuildPhase;
			buildActionMask = 2147483647;
			dstPath = "";
			dstSubfolderSpec = 10;
			files = (
			);
			name = "Embed Frameworks";
			runOnlyForDeploymentPostprocessing = 0;
		};
/* End PBXCopyFilesBuildPhase section */

/* Begin PBXFileReference section */
		5B0F21E427AB2A0900B953E8 /* MenuButtons.swift */ = {isa = PBXFileReference; lastKnownFileType = sourcecode.swift; path = MenuButtons.swift; sourceTree = "<group>"; };
		5B0F21E627AB2BA700B953E8 /* MenuViewModel.swift */ = {isa = PBXFileReference; lastKnownFileType = sourcecode.swift; path = MenuViewModel.swift; sourceTree = "<group>"; };
		5B269AE027BD8C68003976BC /* Tone.swift */ = {isa = PBXFileReference; lastKnownFileType = sourcecode.swift; path = Tone.swift; sourceTree = "<group>"; };
		5B269AF727BE118F003976BC /* ListActionsView.swift */ = {isa = PBXFileReference; lastKnownFileType = sourcecode.swift; path = ListActionsView.swift; sourceTree = "<group>"; };
		5B64855427ABB53B00378FBC /* GoogleService-Info.plist */ = {isa = PBXFileReference; fileEncoding = 4; lastKnownFileType = text.plist.xml; path = "GoogleService-Info.plist"; sourceTree = "<group>"; };
		5B8F62F227B50B3400EA84BC /* ClientsView.swift */ = {isa = PBXFileReference; lastKnownFileType = sourcecode.swift; path = ClientsView.swift; sourceTree = "<group>"; };
		5B8F62F427B50B5600EA84BC /* DemoView.swift */ = {isa = PBXFileReference; lastKnownFileType = sourcecode.swift; path = DemoView.swift; sourceTree = "<group>"; };
		5B9331A627A9A02700C61580 /* ToneKnows.app */ = {isa = PBXFileReference; explicitFileType = wrapper.application; includeInIndex = 0; path = ToneKnows.app; sourceTree = BUILT_PRODUCTS_DIR; };
		5B9331A927A9A02700C61580 /* ToneKnowsApp.swift */ = {isa = PBXFileReference; lastKnownFileType = sourcecode.swift; path = ToneKnowsApp.swift; sourceTree = "<group>"; };
		5B9331AB27A9A02700C61580 /* ContentView.swift */ = {isa = PBXFileReference; lastKnownFileType = sourcecode.swift; path = ContentView.swift; sourceTree = "<group>"; };
		5B9331AD27A9A02900C61580 /* Assets.xcassets */ = {isa = PBXFileReference; lastKnownFileType = folder.assetcatalog; path = Assets.xcassets; sourceTree = "<group>"; };
		5B9331B027A9A02900C61580 /* Preview Assets.xcassets */ = {isa = PBXFileReference; lastKnownFileType = folder.assetcatalog; path = "Preview Assets.xcassets"; sourceTree = "<group>"; };
		5B9331BC27A9A27200C61580 /* Info.plist */ = {isa = PBXFileReference; lastKnownFileType = text.plist; path = Info.plist; sourceTree = "<group>"; };
		5B9331BD27A9A51B00C61580 /* ContentViewModel.swift */ = {isa = PBXFileReference; lastKnownFileType = sourcecode.swift; path = ContentViewModel.swift; sourceTree = "<group>"; };
		5B9DF3F127CD271A00D9EC9D /* HomeView.swift */ = {isa = PBXFileReference; lastKnownFileType = sourcecode.swift; path = HomeView.swift; sourceTree = "<group>"; };
		5B9DF3F327CD279D00D9EC9D /* AboutUsView.swift */ = {isa = PBXFileReference; lastKnownFileType = sourcecode.swift; path = AboutUsView.swift; sourceTree = "<group>"; };
		5B9DF3F527CD27AF00D9EC9D /* ContacUsView.swift */ = {isa = PBXFileReference; lastKnownFileType = sourcecode.swift; path = ContacUsView.swift; sourceTree = "<group>"; };
		5B9DF3F727CD27DB00D9EC9D /* TryItView.swift */ = {isa = PBXFileReference; lastKnownFileType = sourcecode.swift; path = TryItView.swift; sourceTree = "<group>"; };
		5BF8DA6227B53B76007BA4C7 /* RemoteImageModel.swift */ = {isa = PBXFileReference; lastKnownFileType = sourcecode.swift; path = RemoteImageModel.swift; sourceTree = "<group>"; };
		DFA414C527CE5423003647B5 /* frequency_tables.json */ = {isa = PBXFileReference; fileEncoding = 4; lastKnownFileType = text.json; path = frequency_tables.json; sourceTree = "<group>"; };
/* End PBXFileReference section */

/* Begin PBXFrameworksBuildPhase section */
		5B9331A327A9A02700C61580 /* Frameworks */ = {
			isa = PBXFrameworksBuildPhase;
			buildActionMask = 2147483647;
			files = (
				5B826CF427F23D4500D812D0 /* FetchImage in Frameworks */,
				5B826CF027F23D4000D812D0 /* FirebaseFirestore in Frameworks */,
				5B826CFC27F23F3F00D812D0 /* ToneLibrary in Frameworks */,
				5B826CF627F23D4D00D812D0 /* Realm in Frameworks */,
				5B826CF827F23D4D00D812D0 /* RealmSwift in Frameworks */,
				5B826CF227F23D4000D812D0 /* FirebaseFirestoreCombine-Community in Frameworks */,
			);
			runOnlyForDeploymentPostprocessing = 0;
		};
/* End PBXFrameworksBuildPhase section */

/* Begin PBXGroup section */
		5B269ADF27BD8C46003976BC /* Model */ = {
			isa = PBXGroup;
			children = (
				5B269AE027BD8C68003976BC /* Tone.swift */,
			);
			path = Model;
			sourceTree = "<group>";
		};
		5B7FEEEC27C02CBF00F7C903 /* Packages */ = {
			isa = PBXGroup;
			children = (
			);
			name = Packages;
			sourceTree = "<group>";
		};
		5B8F62C027B4790300EA84BC /* Frameworks */ = {
			isa = PBXGroup;
			children = (
			);
			name = Frameworks;
			sourceTree = "<group>";
		};
		5B93319D27A9A02700C61580 = {
			isa = PBXGroup;
			children = (
				5B7FEEEC27C02CBF00F7C903 /* Packages */,
				5B9331A827A9A02700C61580 /* ToneKnows */,
				5B9331A727A9A02700C61580 /* Products */,
				5B8F62C027B4790300EA84BC /* Frameworks */,
			);
			sourceTree = "<group>";
		};
		5B9331A727A9A02700C61580 /* Products */ = {
			isa = PBXGroup;
			children = (
				5B9331A627A9A02700C61580 /* ToneKnows.app */,
			);
			name = Products;
			sourceTree = "<group>";
		};
		5B9331A827A9A02700C61580 /* ToneKnows */ = {
			isa = PBXGroup;
			children = (
				DFA414C527CE5423003647B5 /* frequency_tables.json */,
				5B269ADF27BD8C46003976BC /* Model */,
				5B64855427ABB53B00378FBC /* GoogleService-Info.plist */,
				5B9331BC27A9A27200C61580 /* Info.plist */,
				5B9331BB27A9A1A400C61580 /* ViewModel */,
				5B9331BA27A9A19D00C61580 /* View */,
				5B9331A927A9A02700C61580 /* ToneKnowsApp.swift */,
				5B9331AB27A9A02700C61580 /* ContentView.swift */,
				5B9331AD27A9A02900C61580 /* Assets.xcassets */,
				5B9331AF27A9A02900C61580 /* Preview Content */,
			);
			path = ToneKnows;
			sourceTree = "<group>";
		};
		5B9331AF27A9A02900C61580 /* Preview Content */ = {
			isa = PBXGroup;
			children = (
				5B9331B027A9A02900C61580 /* Preview Assets.xcassets */,
			);
			path = "Preview Content";
			sourceTree = "<group>";
		};
		5B9331BA27A9A19D00C61580 /* View */ = {
			isa = PBXGroup;
			children = (
				5B0F21E427AB2A0900B953E8 /* MenuButtons.swift */,
				5B8F62F227B50B3400EA84BC /* ClientsView.swift */,
				5B8F62F427B50B5600EA84BC /* DemoView.swift */,
				5B269AF727BE118F003976BC /* ListActionsView.swift */,
				5B9DF3F127CD271A00D9EC9D /* HomeView.swift */,
				5B9DF3F327CD279D00D9EC9D /* AboutUsView.swift */,
				5B9DF3F527CD27AF00D9EC9D /* ContacUsView.swift */,
				5B9DF3F727CD27DB00D9EC9D /* TryItView.swift */,
			);
			path = View;
			sourceTree = "<group>";
		};
		5B9331BB27A9A1A400C61580 /* ViewModel */ = {
			isa = PBXGroup;
			children = (
				5B9331BD27A9A51B00C61580 /* ContentViewModel.swift */,
				5B0F21E627AB2BA700B953E8 /* MenuViewModel.swift */,
				5BF8DA6227B53B76007BA4C7 /* RemoteImageModel.swift */,
			);
			path = ViewModel;
			sourceTree = "<group>";
		};
/* End PBXGroup section */

/* Begin PBXNativeTarget section */
		5B9331A527A9A02700C61580 /* ToneKnows */ = {
			isa = PBXNativeTarget;
			buildConfigurationList = 5B9331B427A9A02900C61580 /* Build configuration list for PBXNativeTarget "ToneKnows" */;
			buildPhases = (
				5B9331A227A9A02700C61580 /* Sources */,
				5B9331A327A9A02700C61580 /* Frameworks */,
				5B9331A427A9A02700C61580 /* Resources */,
				5B8F62C327B4790300EA84BC /* Embed Frameworks */,
			);
			buildRules = (
			);
			dependencies = (
			);
			name = ToneKnows;
			packageProductDependencies = (
				5B826CEF27F23D4000D812D0 /* FirebaseFirestore */,
				5B826CF127F23D4000D812D0 /* FirebaseFirestoreCombine-Community */,
				5B826CF327F23D4500D812D0 /* FetchImage */,
				5B826CF527F23D4D00D812D0 /* Realm */,
				5B826CF727F23D4D00D812D0 /* RealmSwift */,
				5B826CFB27F23F3F00D812D0 /* ToneLibrary */,
			);
			productName = ToneKnows;
			productReference = 5B9331A627A9A02700C61580 /* ToneKnows.app */;
			productType = "com.apple.product-type.application";
		};
/* End PBXNativeTarget section */

/* Begin PBXProject section */
		5B93319E27A9A02700C61580 /* Project object */ = {
			isa = PBXProject;
			attributes = {
				BuildIndependentTargetsInParallel = 1;
				LastSwiftUpdateCheck = 1320;
				LastUpgradeCheck = 1320;
				TargetAttributes = {
					5B9331A527A9A02700C61580 = {
						CreatedOnToolsVersion = 13.2.1;
					};
				};
			};
			buildConfigurationList = 5B9331A127A9A02700C61580 /* Build configuration list for PBXProject "ToneKnows" */;
			compatibilityVersion = "Xcode 13.0";
			developmentRegion = en;
			hasScannedForEncodings = 0;
			knownRegions = (
				en,
				Base,
			);
			mainGroup = 5B93319D27A9A02700C61580;
			packageReferences = (
				5B64855727ABB6E800378FBC /* XCRemoteSwiftPackageReference "firebase-ios-sdk" */,
				5B8F62F627B5317B00EA84BC /* XCRemoteSwiftPackageReference "FetchImage" */,
				5B269ADA27BD8A2F003976BC /* XCRemoteSwiftPackageReference "realm-swift" */,
				5B58EA2727C40BCB00FDF07F /* XCRemoteSwiftPackageReference "ToneLibrary" */,
			);
			productRefGroup = 5B9331A727A9A02700C61580 /* Products */;
			projectDirPath = "";
			projectRoot = "";
			targets = (
				5B9331A527A9A02700C61580 /* ToneKnows */,
			);
		};
/* End PBXProject section */

/* Begin PBXResourcesBuildPhase section */
		5B9331A427A9A02700C61580 /* Resources */ = {
			isa = PBXResourcesBuildPhase;
			buildActionMask = 2147483647;
			files = (
				5B9331B127A9A02900C61580 /* Preview Assets.xcassets in Resources */,
				DFA414C627CE5423003647B5 /* frequency_tables.json in Resources */,
				5B9331AE27A9A02900C61580 /* Assets.xcassets in Resources */,
				5B64855527ABB53B00378FBC /* GoogleService-Info.plist in Resources */,
			);
			runOnlyForDeploymentPostprocessing = 0;
		};
/* End PBXResourcesBuildPhase section */

/* Begin PBXSourcesBuildPhase section */
		5B9331A227A9A02700C61580 /* Sources */ = {
			isa = PBXSourcesBuildPhase;
			buildActionMask = 2147483647;
			files = (
				5B0F21E527AB2A0900B953E8 /* MenuButtons.swift in Sources */,
				5B8F62F327B50B3500EA84BC /* ClientsView.swift in Sources */,
				5B0F21E727AB2BA700B953E8 /* MenuViewModel.swift in Sources */,
				5B269AF827BE118F003976BC /* ListActionsView.swift in Sources */,
				5B269AE127BD8C68003976BC /* Tone.swift in Sources */,
				5B9DF3F227CD271A00D9EC9D /* HomeView.swift in Sources */,
				5BF8DA6327B53B76007BA4C7 /* RemoteImageModel.swift in Sources */,
				5B9331AC27A9A02700C61580 /* ContentView.swift in Sources */,
				5B8F62F527B50B5600EA84BC /* DemoView.swift in Sources */,
				5B9DF3F627CD27AF00D9EC9D /* ContacUsView.swift in Sources */,
				5B9331AA27A9A02700C61580 /* ToneKnowsApp.swift in Sources */,
				5B9DF3F827CD27DB00D9EC9D /* TryItView.swift in Sources */,
				5B9DF3F427CD279D00D9EC9D /* AboutUsView.swift in Sources */,
				5B9331BE27A9A51B00C61580 /* ContentViewModel.swift in Sources */,
			);
			runOnlyForDeploymentPostprocessing = 0;
		};
/* End PBXSourcesBuildPhase section */

/* Begin XCBuildConfiguration section */
		5B9331B227A9A02900C61580 /* Debug */ = {
			isa = XCBuildConfiguration;
			buildSettings = {
				ALWAYS_SEARCH_USER_PATHS = NO;
				CLANG_ANALYZER_NONNULL = YES;
				CLANG_ANALYZER_NUMBER_OBJECT_CONVERSION = YES_AGGRESSIVE;
				CLANG_CXX_LANGUAGE_STANDARD = "gnu++17";
				CLANG_CXX_LIBRARY = "libc++";
				CLANG_ENABLE_MODULES = YES;
				CLANG_ENABLE_OBJC_ARC = YES;
				CLANG_ENABLE_OBJC_WEAK = YES;
				CLANG_WARN_BLOCK_CAPTURE_AUTORELEASING = YES;
				CLANG_WARN_BOOL_CONVERSION = YES;
				CLANG_WARN_COMMA = YES;
				CLANG_WARN_CONSTANT_CONVERSION = YES;
				CLANG_WARN_DEPRECATED_OBJC_IMPLEMENTATIONS = YES;
				CLANG_WARN_DIRECT_OBJC_ISA_USAGE = YES_ERROR;
				CLANG_WARN_DOCUMENTATION_COMMENTS = YES;
				CLANG_WARN_EMPTY_BODY = YES;
				CLANG_WARN_ENUM_CONVERSION = YES;
				CLANG_WARN_INFINITE_RECURSION = YES;
				CLANG_WARN_INT_CONVERSION = YES;
				CLANG_WARN_NON_LITERAL_NULL_CONVERSION = YES;
				CLANG_WARN_OBJC_IMPLICIT_RETAIN_SELF = YES;
				CLANG_WARN_OBJC_LITERAL_CONVERSION = YES;
				CLANG_WARN_OBJC_ROOT_CLASS = YES_ERROR;
				CLANG_WARN_QUOTED_INCLUDE_IN_FRAMEWORK_HEADER = YES;
				CLANG_WARN_RANGE_LOOP_ANALYSIS = YES;
				CLANG_WARN_STRICT_PROTOTYPES = YES;
				CLANG_WARN_SUSPICIOUS_MOVE = YES;
				CLANG_WARN_UNGUARDED_AVAILABILITY = YES_AGGRESSIVE;
				CLANG_WARN_UNREACHABLE_CODE = YES;
				CLANG_WARN__DUPLICATE_METHOD_MATCH = YES;
				COPY_PHASE_STRIP = NO;
				DEBUG_INFORMATION_FORMAT = dwarf;
				ENABLE_STRICT_OBJC_MSGSEND = YES;
				ENABLE_TESTABILITY = YES;
				GCC_C_LANGUAGE_STANDARD = gnu11;
				GCC_DYNAMIC_NO_PIC = NO;
				GCC_NO_COMMON_BLOCKS = YES;
				GCC_OPTIMIZATION_LEVEL = 0;
				GCC_PREPROCESSOR_DEFINITIONS = (
					"DEBUG=1",
					"$(inherited)",
				);
				GCC_WARN_64_TO_32_BIT_CONVERSION = YES;
				GCC_WARN_ABOUT_RETURN_TYPE = YES_ERROR;
				GCC_WARN_UNDECLARED_SELECTOR = YES;
				GCC_WARN_UNINITIALIZED_AUTOS = YES_AGGRESSIVE;
				GCC_WARN_UNUSED_FUNCTION = YES;
				GCC_WARN_UNUSED_VARIABLE = YES;
				IPHONEOS_DEPLOYMENT_TARGET = 15.2;
				MTL_ENABLE_DEBUG_INFO = INCLUDE_SOURCE;
				MTL_FAST_MATH = YES;
				ONLY_ACTIVE_ARCH = YES;
				SDKROOT = iphoneos;
				SUPPORTED_PLATFORMS = iphoneos;
				SWIFT_ACTIVE_COMPILATION_CONDITIONS = DEBUG;
				SWIFT_OPTIMIZATION_LEVEL = "-Onone";
			};
			name = Debug;
		};
		5B9331B327A9A02900C61580 /* Release */ = {
			isa = XCBuildConfiguration;
			buildSettings = {
				ALWAYS_SEARCH_USER_PATHS = NO;
				CLANG_ANALYZER_NONNULL = YES;
				CLANG_ANALYZER_NUMBER_OBJECT_CONVERSION = YES_AGGRESSIVE;
				CLANG_CXX_LANGUAGE_STANDARD = "gnu++17";
				CLANG_CXX_LIBRARY = "libc++";
				CLANG_ENABLE_MODULES = YES;
				CLANG_ENABLE_OBJC_ARC = YES;
				CLANG_ENABLE_OBJC_WEAK = YES;
				CLANG_WARN_BLOCK_CAPTURE_AUTORELEASING = YES;
				CLANG_WARN_BOOL_CONVERSION = YES;
				CLANG_WARN_COMMA = YES;
				CLANG_WARN_CONSTANT_CONVERSION = YES;
				CLANG_WARN_DEPRECATED_OBJC_IMPLEMENTATIONS = YES;
				CLANG_WARN_DIRECT_OBJC_ISA_USAGE = YES_ERROR;
				CLANG_WARN_DOCUMENTATION_COMMENTS = YES;
				CLANG_WARN_EMPTY_BODY = YES;
				CLANG_WARN_ENUM_CONVERSION = YES;
				CLANG_WARN_INFINITE_RECURSION = YES;
				CLANG_WARN_INT_CONVERSION = YES;
				CLANG_WARN_NON_LITERAL_NULL_CONVERSION = YES;
				CLANG_WARN_OBJC_IMPLICIT_RETAIN_SELF = YES;
				CLANG_WARN_OBJC_LITERAL_CONVERSION = YES;
				CLANG_WARN_OBJC_ROOT_CLASS = YES_ERROR;
				CLANG_WARN_QUOTED_INCLUDE_IN_FRAMEWORK_HEADER = YES;
				CLANG_WARN_RANGE_LOOP_ANALYSIS = YES;
				CLANG_WARN_STRICT_PROTOTYPES = YES;
				CLANG_WARN_SUSPICIOUS_MOVE = YES;
				CLANG_WARN_UNGUARDED_AVAILABILITY = YES_AGGRESSIVE;
				CLANG_WARN_UNREACHABLE_CODE = YES;
				CLANG_WARN__DUPLICATE_METHOD_MATCH = YES;
				COPY_PHASE_STRIP = NO;
				DEBUG_INFORMATION_FORMAT = "dwarf-with-dsym";
				ENABLE_NS_ASSERTIONS = NO;
				ENABLE_STRICT_OBJC_MSGSEND = YES;
				GCC_C_LANGUAGE_STANDARD = gnu11;
				GCC_NO_COMMON_BLOCKS = YES;
				GCC_WARN_64_TO_32_BIT_CONVERSION = YES;
				GCC_WARN_ABOUT_RETURN_TYPE = YES_ERROR;
				GCC_WARN_UNDECLARED_SELECTOR = YES;
				GCC_WARN_UNINITIALIZED_AUTOS = YES_AGGRESSIVE;
				GCC_WARN_UNUSED_FUNCTION = YES;
				GCC_WARN_UNUSED_VARIABLE = YES;
				IPHONEOS_DEPLOYMENT_TARGET = 15.2;
				MTL_ENABLE_DEBUG_INFO = NO;
				MTL_FAST_MATH = YES;
				SDKROOT = iphoneos;
				SUPPORTED_PLATFORMS = iphoneos;
				SWIFT_COMPILATION_MODE = wholemodule;
				SWIFT_OPTIMIZATION_LEVEL = "-O";
				VALIDATE_PRODUCT = YES;
			};
			name = Release;
		};
		5B9331B527A9A02900C61580 /* Debug */ = {
			isa = XCBuildConfiguration;
			buildSettings = {
				ASSETCATALOG_COMPILER_APPICON_NAME = AppIcon;
				ASSETCATALOG_COMPILER_GLOBAL_ACCENT_COLOR_NAME = AccentColor;
				CODE_SIGN_STYLE = Automatic;
				CURRENT_PROJECT_VERSION = 1;
				DEVELOPMENT_ASSET_PATHS = "\"ToneKnows/Preview Content\"";
				DEVELOPMENT_TEAM = N6J733ZXDX;
				ENABLE_PREVIEWS = YES;
				EXCLUDED_ARCHS = "";
				GENERATE_INFOPLIST_FILE = YES;
				INFOPLIST_FILE = ToneKnows/Info.plist;
				INFOPLIST_KEY_CFBundleDisplayName = "TONE Technology";
				INFOPLIST_KEY_LSApplicationCategoryType = "public.app-category.entertainment";
				INFOPLIST_KEY_NSLocationAlwaysAndWhenInUseUsageDescription = "We use the location to provide accurate and relative nformation for users";
				INFOPLIST_KEY_NSLocationAlwaysUsageDescription = "We use the location to provide accurate and relative nformation for users";
				INFOPLIST_KEY_NSLocationUsageDescription = "We use the location to provide accurate and relative nformation for users";
				INFOPLIST_KEY_NSLocationWhenInUseUsageDescription = "We use the location to provide accurate and relative nformation for users";
				INFOPLIST_KEY_NSMicrophoneUsageDescription = "We don't record or send microphone data it analyzes sounds to display accurate and relative information for users.";
				INFOPLIST_KEY_UIApplicationSceneManifest_Generation = YES;
				INFOPLIST_KEY_UIApplicationSupportsIndirectInputEvents = YES;
				INFOPLIST_KEY_UILaunchScreen_Generation = YES;
				INFOPLIST_KEY_UISupportedInterfaceOrientations_iPad = "UIInterfaceOrientationPortrait UIInterfaceOrientationPortraitUpsideDown UIInterfaceOrientationLandscapeLeft UIInterfaceOrientationLandscapeRight";
				INFOPLIST_KEY_UISupportedInterfaceOrientations_iPhone = "UIInterfaceOrientationPortrait UIInterfaceOrientationLandscapeLeft UIInterfaceOrientationLandscapeRight";
				IPHONEOS_DEPLOYMENT_TARGET = 14.0;
				LD_RUNPATH_SEARCH_PATHS = (
					"$(inherited)",
					"@executable_path/Frameworks",
				);
				MARKETING_VERSION = 4.2;
				PRODUCT_BUNDLE_IDENTIFIER = "com.the-tone-knows-inc.demo";
				PRODUCT_NAME = "$(TARGET_NAME)";
				SWIFT_EMIT_LOC_STRINGS = YES;
				SWIFT_VERSION = 5.0;
				TARGETED_DEVICE_FAMILY = "1,2";
			};
			name = Debug;
		};
		5B9331B627A9A02900C61580 /* Release */ = {
			isa = XCBuildConfiguration;
			buildSettings = {
				ASSETCATALOG_COMPILER_APPICON_NAME = AppIcon;
				ASSETCATALOG_COMPILER_GLOBAL_ACCENT_COLOR_NAME = AccentColor;
				CODE_SIGN_STYLE = Automatic;
				CURRENT_PROJECT_VERSION = 1;
				DEVELOPMENT_ASSET_PATHS = "\"ToneKnows/Preview Content\"";
				DEVELOPMENT_TEAM = N6J733ZXDX;
				ENABLE_PREVIEWS = YES;
				EXCLUDED_ARCHS = "";
				GENERATE_INFOPLIST_FILE = YES;
				INFOPLIST_FILE = ToneKnows/Info.plist;
				INFOPLIST_KEY_CFBundleDisplayName = "TONE Technology";
				INFOPLIST_KEY_LSApplicationCategoryType = "public.app-category.entertainment";
				INFOPLIST_KEY_NSLocationAlwaysAndWhenInUseUsageDescription = "We use the location to provide accurate and relative nformation for users";
				INFOPLIST_KEY_NSLocationAlwaysUsageDescription = "We use the location to provide accurate and relative nformation for users";
				INFOPLIST_KEY_NSLocationUsageDescription = "We use the location to provide accurate and relative nformation for users";
				INFOPLIST_KEY_NSLocationWhenInUseUsageDescription = "We use the location to provide accurate and relative nformation for users";
				INFOPLIST_KEY_NSMicrophoneUsageDescription = "We don't record or send microphone data it analyzes sounds to display accurate and relative information for users.";
				INFOPLIST_KEY_UIApplicationSceneManifest_Generation = YES;
				INFOPLIST_KEY_UIApplicationSupportsIndirectInputEvents = YES;
				INFOPLIST_KEY_UILaunchScreen_Generation = YES;
				INFOPLIST_KEY_UISupportedInterfaceOrientations_iPad = "UIInterfaceOrientationPortrait UIInterfaceOrientationPortraitUpsideDown UIInterfaceOrientationLandscapeLeft UIInterfaceOrientationLandscapeRight";
				INFOPLIST_KEY_UISupportedInterfaceOrientations_iPhone = "UIInterfaceOrientationPortrait UIInterfaceOrientationLandscapeLeft UIInterfaceOrientationLandscapeRight";
				IPHONEOS_DEPLOYMENT_TARGET = 14.0;
				LD_RUNPATH_SEARCH_PATHS = (
					"$(inherited)",
					"@executable_path/Frameworks",
				);
				MARKETING_VERSION = 4.2;
				PRODUCT_BUNDLE_IDENTIFIER = "com.the-tone-knows-inc.demo";
				PRODUCT_NAME = "$(TARGET_NAME)";
				SWIFT_EMIT_LOC_STRINGS = YES;
				SWIFT_VERSION = 5.0;
				TARGETED_DEVICE_FAMILY = "1,2";
			};
			name = Release;
		};
/* End XCBuildConfiguration section */

/* Begin XCConfigurationList section */
		5B9331A127A9A02700C61580 /* Build configuration list for PBXProject "ToneKnows" */ = {
			isa = XCConfigurationList;
			buildConfigurations = (
				5B9331B227A9A02900C61580 /* Debug */,
				5B9331B327A9A02900C61580 /* Release */,
			);
			defaultConfigurationIsVisible = 0;
			defaultConfigurationName = Release;
		};
		5B9331B427A9A02900C61580 /* Build configuration list for PBXNativeTarget "ToneKnows" */ = {
			isa = XCConfigurationList;
			buildConfigurations = (
				5B9331B527A9A02900C61580 /* Debug */,
				5B9331B627A9A02900C61580 /* Release */,
			);
			defaultConfigurationIsVisible = 0;
			defaultConfigurationName = Release;
		};
/* End XCConfigurationList section */

/* Begin XCRemoteSwiftPackageReference section */
		5B269ADA27BD8A2F003976BC /* XCRemoteSwiftPackageReference "realm-swift" */ = {
			isa = XCRemoteSwiftPackageReference;
			repositoryURL = "https://github.com/realm/realm-swift.git";
			requirement = {
				branch = master;
				kind = branch;
			};
		};
		5B58EA2727C40BCB00FDF07F /* XCRemoteSwiftPackageReference "ToneLibrary" */ = {
			isa = XCRemoteSwiftPackageReference;
			repositoryURL = "https://github.com/The-TONE-Knows-Inc/ToneLibrary";
			requirement = {
				branch = ToneLibraryV4;
				kind = branch;
			};
		};
		5B64855727ABB6E800378FBC /* XCRemoteSwiftPackageReference "firebase-ios-sdk" */ = {
			isa = XCRemoteSwiftPackageReference;
			repositoryURL = "https://github.com/firebase/firebase-ios-sdk.git";
			requirement = {
				kind = upToNextMajorVersion;
				minimumVersion = 8.0.0;
			};
		};
		5B8F62F627B5317B00EA84BC /* XCRemoteSwiftPackageReference "FetchImage" */ = {
			isa = XCRemoteSwiftPackageReference;
			repositoryURL = "https://github.com/nenosllc/FetchImage.git";
			requirement = {
				kind = upToNextMajorVersion;
				minimumVersion = 1.0.0;
			};
		};
/* End XCRemoteSwiftPackageReference section */

/* Begin XCSwiftPackageProductDependency section */
		5B826CEF27F23D4000D812D0 /* FirebaseFirestore */ = {
			isa = XCSwiftPackageProductDependency;
			package = 5B64855727ABB6E800378FBC /* XCRemoteSwiftPackageReference "firebase-ios-sdk" */;
			productName = FirebaseFirestore;
		};
		5B826CF127F23D4000D812D0 /* FirebaseFirestoreCombine-Community */ = {
			isa = XCSwiftPackageProductDependency;
			package = 5B64855727ABB6E800378FBC /* XCRemoteSwiftPackageReference "firebase-ios-sdk" */;
			productName = "FirebaseFirestoreCombine-Community";
		};
		5B826CF327F23D4500D812D0 /* FetchImage */ = {
			isa = XCSwiftPackageProductDependency;
			package = 5B8F62F627B5317B00EA84BC /* XCRemoteSwiftPackageReference "FetchImage" */;
			productName = FetchImage;
		};
		5B826CF527F23D4D00D812D0 /* Realm */ = {
			isa = XCSwiftPackageProductDependency;
			package = 5B269ADA27BD8A2F003976BC /* XCRemoteSwiftPackageReference "realm-swift" */;
			productName = Realm;
		};
		5B826CF727F23D4D00D812D0 /* RealmSwift */ = {
			isa = XCSwiftPackageProductDependency;
			package = 5B269ADA27BD8A2F003976BC /* XCRemoteSwiftPackageReference "realm-swift" */;
			productName = RealmSwift;
		};
		5B826CFB27F23F3F00D812D0 /* ToneLibrary */ = {
			isa = XCSwiftPackageProductDependency;
			package = 5B58EA2727C40BCB00FDF07F /* XCRemoteSwiftPackageReference "ToneLibrary" */;
			productName = ToneLibrary;
		};
/* End XCSwiftPackageProductDependency section */
	};
	rootObject = 5B93319E27A9A02700C61580 /* Project object */;
}
