// !$*UTF8*$!
{
	archiveVersion = 1;
	classes = {
	};
	objectVersion = 55;
	objects = {

/* Begin PBXBuildFile section */
		5B826CF027F23D4000D812D0 /* FirebaseFirestore in Frameworks */ = {isa = PBXBuildFile; productRef = 5B826CEF27F23D4000D812D0 /* FirebaseFirestore */; };
		5B826CF227F23D4000D812D0 /* FirebaseFirestoreCombine-Community in Frameworks */ = {isa = PBXBuildFile; productRef = 5B826CF127F23D4000D812D0 /* FirebaseFirestoreCombine-Community */; };
		5B9331AC27A9A02700C61580 /* AppDelegate.swift in Sources */ = {isa = PBXBuildFile; fileRef = 5B9331AB27A9A02700C61580 /* AppDelegate.swift */; };
		5B9331AE27A9A02900C61580 /* Assets.xcassets in Resources */ = {isa = PBXBuildFile; fileRef = 5B9331AD27A9A02900C61580 /* Assets.xcassets */; };
		9E1D25692BA0300E0047F2F0 /* GoogleService-Info.plist in Resources */ = {isa = PBXBuildFile; fileRef = 9E1D25682BA0300E0047F2F0 /* GoogleService-Info.plist */; };
		9E37E22D2D6DB900001DFC82 /* BaseViewController.swift in Sources */ = {isa = PBXBuildFile; fileRef = 9E37E22B2D6DB900001DFC82 /* BaseViewController.swift */; };
		9E37E22E2D6DB900001DFC82 /* MainViewController.swift in Sources */ = {isa = PBXBuildFile; fileRef = 9E37E22C2D6DB900001DFC82 /* MainViewController.swift */; };
		9E37E2322D6DB93C001DFC82 /* ToneModels.swift in Sources */ = {isa = PBXBuildFile; fileRef = 9E37E2312D6DB93C001DFC82 /* ToneModels.swift */; };
		9E37E2372D6DB961001DFC82 /* UserDefaults.swift in Sources */ = {isa = PBXBuildFile; fileRef = 9E37E2352D6DB961001DFC82 /* UserDefaults.swift */; };
		9E37E2382D6DB961001DFC82 /* ImageDownloader.swift in Sources */ = {isa = PBXBuildFile; fileRef = 9E37E2362D6DB961001DFC82 /* ImageDownloader.swift */; };
		9E37E23B2D6DB975001DFC82 /* ToneProtocols.swift in Sources */ = {isa = PBXBuildFile; fileRef = 9E37E23A2D6DB975001DFC82 /* ToneProtocols.swift */; };
		9E37E2422D6DB987001DFC82 /* AudioProcessor.swift in Sources */ = {isa = PBXBuildFile; fileRef = 9E37E23D2D6DB987001DFC82 /* AudioProcessor.swift */; };
		9E37E2432D6DB987001DFC82 /* FeatureFlagManager.swift in Sources */ = {isa = PBXBuildFile; fileRef = 9E37E23E2D6DB987001DFC82 /* FeatureFlagManager.swift */; };
		9E37E2442D6DB987001DFC82 /* LocationManager.swift in Sources */ = {isa = PBXBuildFile; fileRef = 9E37E23F2D6DB987001DFC82 /* LocationManager.swift */; };
		9E37E2452D6DB987001DFC82 /* SheetPresenter.swift in Sources */ = {isa = PBXBuildFile; fileRef = 9E37E2402D6DB987001DFC82 /* SheetPresenter.swift */; };
		9E37E2462D6DB987001DFC82 /* PermissionManager.swift in Sources */ = {isa = PBXBuildFile; fileRef = 9E37E2412D6DB987001DFC82 /* PermissionManager.swift */; };
		9E37E24E2D6DB99C001DFC82 /* ClientsListCell.swift in Sources */ = {isa = PBXBuildFile; fileRef = 9E37E2482D6DB99C001DFC82 /* ClientsListCell.swift */; };
		9E37E24F2D6DB99C001DFC82 /* HeaderView.swift in Sources */ = {isa = PBXBuildFile; fileRef = 9E37E2492D6DB99C001DFC82 /* HeaderView.swift */; };
		9E37E2502D6DB99C001DFC82 /* SpectrumAnalyzerView.swift in Sources */ = {isa = PBXBuildFile; fileRef = 9E37E24A2D6DB99C001DFC82 /* SpectrumAnalyzerView.swift */; };
		9E37E2512D6DB99C001DFC82 /* ToneDetectedSheet.swift in Sources */ = {isa = PBXBuildFile; fileRef = 9E37E24B2D6DB99C001DFC82 /* ToneDetectedSheet.swift */; };
		9E37E2522D6DB99C001DFC82 /* FrequencyListCell.swift in Sources */ = {isa = PBXBuildFile; fileRef = 9E37E24C2D6DB99C001DFC82 /* FrequencyListCell.swift */; };
		9E37E2532D6DB99C001DFC82 /* CustomTabBarView.swift in Sources */ = {isa = PBXBuildFile; fileRef = 9E37E24D2D6DB99C001DFC82 /* CustomTabBarView.swift */; };
		9E37E2592D6DB9B0001DFC82 /* TryItViewController.swift in Sources */ = {isa = PBXBuildFile; fileRef = 9E37E2552D6DB9B0001DFC82 /* TryItViewController.swift */; };
		9E37E25A2D6DB9B0001DFC82 /* SpectrumViewController.swift in Sources */ = {isa = PBXBuildFile; fileRef = 9E37E2562D6DB9B0001DFC82 /* SpectrumViewController.swift */; };
		9E37E25B2D6DB9B0001DFC82 /* ClientsViewController.swift in Sources */ = {isa = PBXBuildFile; fileRef = 9E37E2572D6DB9B0001DFC82 /* ClientsViewController.swift */; };
		9E37E25C2D6DB9B0001DFC82 /* FrequencyViewController.swift in Sources */ = {isa = PBXBuildFile; fileRef = 9E37E2582D6DB9B0001DFC82 /* FrequencyViewController.swift */; };
		9E37E2602D6DB9D1001DFC82 /* NotificationViewModel.swift in Sources */ = {isa = PBXBuildFile; fileRef = 9E37E25E2D6DB9D1001DFC82 /* NotificationViewModel.swift */; };
		9E37E2612D6DB9D1001DFC82 /* MenuViewModel.swift in Sources */ = {isa = PBXBuildFile; fileRef = 9E37E25F2D6DB9D1001DFC82 /* MenuViewModel.swift */; };
		9E37E2732D6EE162001DFC82 /* Extension + Assets.swift in Sources */ = {isa = PBXBuildFile; fileRef = 9E37E2722D6EE162001DFC82 /* Extension + Assets.swift */; };
		9E37E2752D6EE4FD001DFC82 /* CustomAssets.xcassets in Resources */ = {isa = PBXBuildFile; fileRef = 9E37E2742D6EE4FD001DFC82 /* CustomAssets.xcassets */; };
		9E37E2772D6EFA07001DFC82 /* SplashViewController.swift in Sources */ = {isa = PBXBuildFile; fileRef = 9E37E2762D6EFA07001DFC82 /* SplashViewController.swift */; };
		9E37E2792D6F1F5A001DFC82 /* ProgressIndicator.swift in Sources */ = {isa = PBXBuildFile; fileRef = 9E37E2782D6F1F5A001DFC82 /* ProgressIndicator.swift */; };
		9E37E2A92D6F5CCA001DFC82 /* NetworkRequests.swift in Sources */ = {isa = PBXBuildFile; fileRef = 9E37E2A82D6F5CCA001DFC82 /* NetworkRequests.swift */; };
		9E5CB93E2D0B35E4008FE924 /* SwiftLocation in Frameworks */ = {isa = PBXBuildFile; productRef = 9E5CB93D2D0B35E4008FE924 /* SwiftLocation */; };
		9E5CB9412D0B3648008FE924 /* AudioKit in Frameworks */ = {isa = PBXBuildFile; productRef = 9E5CB9402D0B3648008FE924 /* AudioKit */; };
		9E6483952D70592A00EA1BD0 /* AlamofireImage in Frameworks */ = {isa = PBXBuildFile; productRef = 9E6483942D70592A00EA1BD0 /* AlamofireImage */; };
		9E6483982D707ECF00EA1BD0 /* ClientEntityModel.xcdatamodeld in Sources */ = {isa = PBXBuildFile; fileRef = 9E6483962D707ECF00EA1BD0 /* ClientEntityModel.xcdatamodeld */; };
		9E6483A32D71E83F00EA1BD0 /* SDWebImageAVIFCoder in Frameworks */ = {isa = PBXBuildFile; productRef = 9E6483A22D71E83F00EA1BD0 /* SDWebImageAVIFCoder */; };
		9E6483AC2D71ED0300EA1BD0 /* ImageLoader.swift in Sources */ = {isa = PBXBuildFile; fileRef = 9E6483AB2D71ED0300EA1BD0 /* ImageLoader.swift */; };
		9E80B81D2D75F15A0043044D /* ToneListen.xcframework in Frameworks */ = {isa = PBXBuildFile; fileRef = 9E80B81C2D75F15A0043044D /* ToneListen.xcframework */; };
		9E80B81E2D75F15A0043044D /* ToneListen.xcframework in Embed Frameworks */ = {isa = PBXBuildFile; fileRef = 9E80B81C2D75F15A0043044D /* ToneListen.xcframework */; settings = {ATTRIBUTES = (CodeSignOnCopy, RemoveHeadersOnCopy, ); }; };
		9ECAC9B32BBD7DAA009E42AA /* home_response.json in Resources */ = {isa = PBXBuildFile; fileRef = 9ECAC9B22BBD7DAA009E42AA /* home_response.json */; };
		DFA414C627CE5423003647B5 /* frequency_tables.json in Resources */ = {isa = PBXBuildFile; fileRef = DFA414C527CE5423003647B5 /* frequency_tables.json */; };
/* End PBXBuildFile section */

/* Begin PBXCopyFilesBuildPhase section */
		9E80B81B2D75E58B0043044D /* Embed Frameworks */ = {
			isa = PBXCopyFilesBuildPhase;
			buildActionMask = 2147483647;
			dstPath = "";
			dstSubfolderSpec = 10;
			files = (
				9E80B81E2D75F15A0043044D /* ToneListen.xcframework in Embed Frameworks */,
			);
			name = "Embed Frameworks";
			runOnlyForDeploymentPostprocessing = 0;
		};
/* End PBXCopyFilesBuildPhase section */

/* Begin PBXFileReference section */
		5B9331A627A9A02700C61580 /* ToneKnows.app */ = {isa = PBXFileReference; explicitFileType = wrapper.application; includeInIndex = 0; path = ToneKnows.app; sourceTree = BUILT_PRODUCTS_DIR; };
		5B9331AB27A9A02700C61580 /* AppDelegate.swift */ = {isa = PBXFileReference; lastKnownFileType = sourcecode.swift; path = AppDelegate.swift; sourceTree = "<group>"; };
		5B9331AD27A9A02900C61580 /* Assets.xcassets */ = {isa = PBXFileReference; lastKnownFileType = folder.assetcatalog; path = Assets.xcassets; sourceTree = "<group>"; };
		5B9331BC27A9A27200C61580 /* Info.plist */ = {isa = PBXFileReference; lastKnownFileType = text.plist; path = Info.plist; sourceTree = "<group>"; };
		9E1D25682BA0300E0047F2F0 /* GoogleService-Info.plist */ = {isa = PBXFileReference; fileEncoding = 4; lastKnownFileType = text.plist.xml; name = "GoogleService-Info.plist"; path = "../../../../Desktop/GoogleService-Info.plist"; sourceTree = "<group>"; };
		9E37E22B2D6DB900001DFC82 /* BaseViewController.swift */ = {isa = PBXFileReference; fileEncoding = 4; lastKnownFileType = sourcecode.swift; path = BaseViewController.swift; sourceTree = "<group>"; };
		9E37E22C2D6DB900001DFC82 /* MainViewController.swift */ = {isa = PBXFileReference; fileEncoding = 4; lastKnownFileType = sourcecode.swift; path = MainViewController.swift; sourceTree = "<group>"; };
		9E37E2312D6DB93C001DFC82 /* ToneModels.swift */ = {isa = PBXFileReference; fileEncoding = 4; lastKnownFileType = sourcecode.swift; path = ToneModels.swift; sourceTree = "<group>"; };
		9E37E2352D6DB961001DFC82 /* UserDefaults.swift */ = {isa = PBXFileReference; fileEncoding = 4; lastKnownFileType = sourcecode.swift; path = UserDefaults.swift; sourceTree = "<group>"; };
		9E37E2362D6DB961001DFC82 /* ImageDownloader.swift */ = {isa = PBXFileReference; fileEncoding = 4; lastKnownFileType = sourcecode.swift; path = ImageDownloader.swift; sourceTree = "<group>"; };
		9E37E23A2D6DB975001DFC82 /* ToneProtocols.swift */ = {isa = PBXFileReference; fileEncoding = 4; lastKnownFileType = sourcecode.swift; path = ToneProtocols.swift; sourceTree = "<group>"; };
		9E37E23D2D6DB987001DFC82 /* AudioProcessor.swift */ = {isa = PBXFileReference; fileEncoding = 4; lastKnownFileType = sourcecode.swift; path = AudioProcessor.swift; sourceTree = "<group>"; };
		9E37E23E2D6DB987001DFC82 /* FeatureFlagManager.swift */ = {isa = PBXFileReference; fileEncoding = 4; lastKnownFileType = sourcecode.swift; path = FeatureFlagManager.swift; sourceTree = "<group>"; };
		9E37E23F2D6DB987001DFC82 /* LocationManager.swift */ = {isa = PBXFileReference; fileEncoding = 4; lastKnownFileType = sourcecode.swift; path = LocationManager.swift; sourceTree = "<group>"; };
		9E37E2402D6DB987001DFC82 /* SheetPresenter.swift */ = {isa = PBXFileReference; fileEncoding = 4; lastKnownFileType = sourcecode.swift; path = SheetPresenter.swift; sourceTree = "<group>"; };
		9E37E2412D6DB987001DFC82 /* PermissionManager.swift */ = {isa = PBXFileReference; fileEncoding = 4; lastKnownFileType = sourcecode.swift; path = PermissionManager.swift; sourceTree = "<group>"; };
		9E37E2482D6DB99C001DFC82 /* ClientsListCell.swift */ = {isa = PBXFileReference; fileEncoding = 4; lastKnownFileType = sourcecode.swift; path = ClientsListCell.swift; sourceTree = "<group>"; };
		9E37E2492D6DB99C001DFC82 /* HeaderView.swift */ = {isa = PBXFileReference; fileEncoding = 4; lastKnownFileType = sourcecode.swift; path = HeaderView.swift; sourceTree = "<group>"; };
		9E37E24A2D6DB99C001DFC82 /* SpectrumAnalyzerView.swift */ = {isa = PBXFileReference; fileEncoding = 4; lastKnownFileType = sourcecode.swift; path = SpectrumAnalyzerView.swift; sourceTree = "<group>"; };
		9E37E24B2D6DB99C001DFC82 /* ToneDetectedSheet.swift */ = {isa = PBXFileReference; fileEncoding = 4; lastKnownFileType = sourcecode.swift; path = ToneDetectedSheet.swift; sourceTree = "<group>"; };
		9E37E24C2D6DB99C001DFC82 /* FrequencyListCell.swift */ = {isa = PBXFileReference; fileEncoding = 4; lastKnownFileType = sourcecode.swift; path = FrequencyListCell.swift; sourceTree = "<group>"; };
		9E37E24D2D6DB99C001DFC82 /* CustomTabBarView.swift */ = {isa = PBXFileReference; fileEncoding = 4; lastKnownFileType = sourcecode.swift; path = CustomTabBarView.swift; sourceTree = "<group>"; };
		9E37E2552D6DB9B0001DFC82 /* TryItViewController.swift */ = {isa = PBXFileReference; fileEncoding = 4; lastKnownFileType = sourcecode.swift; path = TryItViewController.swift; sourceTree = "<group>"; };
		9E37E2562D6DB9B0001DFC82 /* SpectrumViewController.swift */ = {isa = PBXFileReference; fileEncoding = 4; lastKnownFileType = sourcecode.swift; path = SpectrumViewController.swift; sourceTree = "<group>"; };
		9E37E2572D6DB9B0001DFC82 /* ClientsViewController.swift */ = {isa = PBXFileReference; fileEncoding = 4; lastKnownFileType = sourcecode.swift; path = ClientsViewController.swift; sourceTree = "<group>"; };
		9E37E2582D6DB9B0001DFC82 /* FrequencyViewController.swift */ = {isa = PBXFileReference; fileEncoding = 4; lastKnownFileType = sourcecode.swift; path = FrequencyViewController.swift; sourceTree = "<group>"; };
		9E37E25E2D6DB9D1001DFC82 /* NotificationViewModel.swift */ = {isa = PBXFileReference; fileEncoding = 4; lastKnownFileType = sourcecode.swift; path = NotificationViewModel.swift; sourceTree = "<group>"; };
		9E37E25F2D6DB9D1001DFC82 /* MenuViewModel.swift */ = {isa = PBXFileReference; fileEncoding = 4; lastKnownFileType = sourcecode.swift; path = MenuViewModel.swift; sourceTree = "<group>"; };
		9E37E2722D6EE162001DFC82 /* Extension + Assets.swift */ = {isa = PBXFileReference; lastKnownFileType = sourcecode.swift; path = "Extension + Assets.swift"; sourceTree = "<group>"; };
		9E37E2742D6EE4FD001DFC82 /* CustomAssets.xcassets */ = {isa = PBXFileReference; lastKnownFileType = folder.assetcatalog; path = CustomAssets.xcassets; sourceTree = "<group>"; };
		9E37E2762D6EFA07001DFC82 /* SplashViewController.swift */ = {isa = PBXFileReference; lastKnownFileType = sourcecode.swift; path = SplashViewController.swift; sourceTree = "<group>"; };
		9E37E2782D6F1F5A001DFC82 /* ProgressIndicator.swift */ = {isa = PBXFileReference; lastKnownFileType = sourcecode.swift; path = ProgressIndicator.swift; sourceTree = "<group>"; };
		9E37E2A82D6F5CCA001DFC82 /* NetworkRequests.swift */ = {isa = PBXFileReference; lastKnownFileType = sourcecode.swift; path = NetworkRequests.swift; sourceTree = "<group>"; };
		9E6483972D707ECF00EA1BD0 /* ClientEntity.xcdatamodel */ = {isa = PBXFileReference; lastKnownFileType = wrapper.xcdatamodel; path = ClientEntity.xcdatamodel; sourceTree = "<group>"; };
		9E6483AB2D71ED0300EA1BD0 /* ImageLoader.swift */ = {isa = PBXFileReference; lastKnownFileType = sourcecode.swift; path = ImageLoader.swift; sourceTree = "<group>"; };
		9E80B81C2D75F15A0043044D /* ToneListen.xcframework */ = {isa = PBXFileReference; lastKnownFileType = wrapper.xcframework; name = ToneListen.xcframework; path = ../../../Desktop/ToneListen.xcframework; sourceTree = "<group>"; };
		9ECAC9B22BBD7DAA009E42AA /* home_response.json */ = {isa = PBXFileReference; fileEncoding = 4; lastKnownFileType = text.json; path = home_response.json; sourceTree = "<group>"; };
		9ED0294C2D1E976F009E0E4B /* ToneKnows.entitlements */ = {isa = PBXFileReference; lastKnownFileType = text.plist.entitlements; path = ToneKnows.entitlements; sourceTree = "<group>"; };
		DFA414C527CE5423003647B5 /* frequency_tables.json */ = {isa = PBXFileReference; fileEncoding = 4; lastKnownFileType = text.json; path = frequency_tables.json; sourceTree = "<group>"; };
/* End PBXFileReference section */

/* Begin PBXFrameworksBuildPhase section */
		5B9331A327A9A02700C61580 /* Frameworks */ = {
			isa = PBXFrameworksBuildPhase;
			buildActionMask = 2147483647;
			files = (
				9E5CB9412D0B3648008FE924 /* AudioKit in Frameworks */,
				5B826CF027F23D4000D812D0 /* FirebaseFirestore in Frameworks */,
				9E5CB93E2D0B35E4008FE924 /* SwiftLocation in Frameworks */,
				5B826CF227F23D4000D812D0 /* FirebaseFirestoreCombine-Community in Frameworks */,
				9E6483A32D71E83F00EA1BD0 /* SDWebImageAVIFCoder in Frameworks */,
				9E6483952D70592A00EA1BD0 /* AlamofireImage in Frameworks */,
				9E80B81D2D75F15A0043044D /* ToneListen.xcframework in Frameworks */,
			);
			runOnlyForDeploymentPostprocessing = 0;
		};
/* End PBXFrameworksBuildPhase section */

/* Begin PBXGroup section */
		5B8F62C027B4790300EA84BC /* Frameworks */ = {
			isa = PBXGroup;
			children = (
				9E80B81C2D75F15A0043044D /* ToneListen.xcframework */,
			);
			name = Frameworks;
			sourceTree = "<group>";
		};
		5B93319D27A9A02700C61580 = {
			isa = PBXGroup;
			children = (
				5B9331A827A9A02700C61580 /* ToneKnows */,
				5B9331A727A9A02700C61580 /* Products */,
				5B8F62C027B4790300EA84BC /* Frameworks */,
			);
			sourceTree = "<group>";
		};
		5B9331A727A9A02700C61580 /* Products */ = {
			isa = PBXGroup;
			children = (
				5B9331A627A9A02700C61580 /* ToneKnows.app */,
			);
			name = Products;
			sourceTree = "<group>";
		};
		5B9331A827A9A02700C61580 /* ToneKnows */ = {
			isa = PBXGroup;
			children = (
				9ED0294C2D1E976F009E0E4B /* ToneKnows.entitlements */,
				9ECAC9B22BBD7DAA009E42AA /* home_response.json */,
				DFA414C527CE5423003647B5 /* frequency_tables.json */,
				5B9331AB27A9A02700C61580 /* AppDelegate.swift */,
				9E37E2302D6DB928001DFC82 /* ToneDemoModule */,
				5B9331BC27A9A27200C61580 /* Info.plist */,
				9E1D25682BA0300E0047F2F0 /* GoogleService-Info.plist */,
				5B9331AD27A9A02900C61580 /* Assets.xcassets */,
				9E6483962D707ECF00EA1BD0 /* ClientEntityModel.xcdatamodeld */,
			);
			path = ToneKnows;
			sourceTree = "<group>";
		};
		9E37E22F2D6DB90D001DFC82 /* BaseModule */ = {
			isa = PBXGroup;
			children = (
				9E37E2762D6EFA07001DFC82 /* SplashViewController.swift */,
				9E37E22C2D6DB900001DFC82 /* MainViewController.swift */,
				9E37E22B2D6DB900001DFC82 /* BaseViewController.swift */,
			);
			path = BaseModule;
			sourceTree = "<group>";
		};
		9E37E2302D6DB928001DFC82 /* ToneDemoModule */ = {
			isa = PBXGroup;
			children = (
				9E37E2A72D6F5CB5001DFC82 /* Network */,
				9E37E22F2D6DB90D001DFC82 /* BaseModule */,
				9E37E2342D6DB94E001DFC82 /* ToneUtils */,
				9E37E23C2D6DB97E001DFC82 /* ToneManageHandler */,
				9E37E2392D6DB96F001DFC82 /* Protocols */,
				9E37E2332D6DB941001DFC82 /* Models */,
				9E37E2472D6DB994001DFC82 /* View */,
				9E37E2542D6DB9A8001DFC82 /* ViewController */,
				9E37E25D2D6DB9BB001DFC82 /* ViewModel */,
			);
			path = ToneDemoModule;
			sourceTree = "<group>";
		};
		9E37E2332D6DB941001DFC82 /* Models */ = {
			isa = PBXGroup;
			children = (
				9E37E2312D6DB93C001DFC82 /* ToneModels.swift */,
			);
			path = Models;
			sourceTree = "<group>";
		};
		9E37E2342D6DB94E001DFC82 /* ToneUtils */ = {
			isa = PBXGroup;
			children = (
				9E37E2362D6DB961001DFC82 /* ImageDownloader.swift */,
				9E6483AB2D71ED0300EA1BD0 /* ImageLoader.swift */,
				9E37E2352D6DB961001DFC82 /* UserDefaults.swift */,
				9E37E2722D6EE162001DFC82 /* Extension + Assets.swift */,
				9E37E2742D6EE4FD001DFC82 /* CustomAssets.xcassets */,
			);
			path = ToneUtils;
			sourceTree = "<group>";
		};
		9E37E2392D6DB96F001DFC82 /* Protocols */ = {
			isa = PBXGroup;
			children = (
				9E37E23A2D6DB975001DFC82 /* ToneProtocols.swift */,
			);
			path = Protocols;
			sourceTree = "<group>";
		};
		9E37E23C2D6DB97E001DFC82 /* ToneManageHandler */ = {
			isa = PBXGroup;
			children = (
				9E37E23D2D6DB987001DFC82 /* AudioProcessor.swift */,
				9E37E23E2D6DB987001DFC82 /* FeatureFlagManager.swift */,
				9E37E23F2D6DB987001DFC82 /* LocationManager.swift */,
				9E37E2412D6DB987001DFC82 /* PermissionManager.swift */,
				9E37E2402D6DB987001DFC82 /* SheetPresenter.swift */,
				9E37E2782D6F1F5A001DFC82 /* ProgressIndicator.swift */,
			);
			path = ToneManageHandler;
			sourceTree = "<group>";
		};
		9E37E2472D6DB994001DFC82 /* View */ = {
			isa = PBXGroup;
			children = (
				9E37E2482D6DB99C001DFC82 /* ClientsListCell.swift */,
				9E37E24D2D6DB99C001DFC82 /* CustomTabBarView.swift */,
				9E37E24C2D6DB99C001DFC82 /* FrequencyListCell.swift */,
				9E37E2492D6DB99C001DFC82 /* HeaderView.swift */,
				9E37E24A2D6DB99C001DFC82 /* SpectrumAnalyzerView.swift */,
				9E37E24B2D6DB99C001DFC82 /* ToneDetectedSheet.swift */,
			);
			path = View;
			sourceTree = "<group>";
		};
		9E37E2542D6DB9A8001DFC82 /* ViewController */ = {
			isa = PBXGroup;
			children = (
				9E37E2562D6DB9B0001DFC82 /* SpectrumViewController.swift */,
				9E37E2572D6DB9B0001DFC82 /* ClientsViewController.swift */,
				9E37E2552D6DB9B0001DFC82 /* TryItViewController.swift */,
				9E37E2582D6DB9B0001DFC82 /* FrequencyViewController.swift */,
			);
			path = ViewController;
			sourceTree = "<group>";
		};
		9E37E25D2D6DB9BB001DFC82 /* ViewModel */ = {
			isa = PBXGroup;
			children = (
				9E37E25F2D6DB9D1001DFC82 /* MenuViewModel.swift */,
				9E37E25E2D6DB9D1001DFC82 /* NotificationViewModel.swift */,
			);
			path = ViewModel;
			sourceTree = "<group>";
		};
		9E37E2A72D6F5CB5001DFC82 /* Network */ = {
			isa = PBXGroup;
			children = (
				9E37E2A82D6F5CCA001DFC82 /* NetworkRequests.swift */,
			);
			path = Network;
			sourceTree = "<group>";
		};
/* End PBXGroup section */

/* Begin PBXNativeTarget section */
		5B9331A527A9A02700C61580 /* ToneKnows */ = {
			isa = PBXNativeTarget;
			buildConfigurationList = 5B9331B427A9A02900C61580 /* Build configuration list for PBXNativeTarget "ToneKnows" */;
			buildPhases = (
				5B9331A227A9A02700C61580 /* Sources */,
				5B9331A327A9A02700C61580 /* Frameworks */,
				5B9331A427A9A02700C61580 /* Resources */,
				9E80B81B2D75E58B0043044D /* Embed Frameworks */,
			);
			buildRules = (
			);
			dependencies = (
			);
			name = ToneKnows;
			packageProductDependencies = (
				5B826CEF27F23D4000D812D0 /* FirebaseFirestore */,
				5B826CF127F23D4000D812D0 /* FirebaseFirestoreCombine-Community */,
				9E5CB93D2D0B35E4008FE924 /* SwiftLocation */,
				9E5CB9402D0B3648008FE924 /* AudioKit */,
				9E6483942D70592A00EA1BD0 /* AlamofireImage */,
				9E6483A22D71E83F00EA1BD0 /* SDWebImageAVIFCoder */,
			);
			productName = ToneKnows;
			productReference = 5B9331A627A9A02700C61580 /* ToneKnows.app */;
			productType = "com.apple.product-type.application";
		};
/* End PBXNativeTarget section */

/* Begin PBXProject section */
		5B93319E27A9A02700C61580 /* Project object */ = {
			isa = PBXProject;
			attributes = {
				BuildIndependentTargetsInParallel = 1;
				LastSwiftUpdateCheck = 1320;
				LastUpgradeCheck = 1320;
				TargetAttributes = {
					5B9331A527A9A02700C61580 = {
						CreatedOnToolsVersion = 13.2.1;
					};
				};
			};
			buildConfigurationList = 5B9331A127A9A02700C61580 /* Build configuration list for PBXProject "ToneKnows" */;
			compatibilityVersion = "Xcode 13.0";
			developmentRegion = en;
			hasScannedForEncodings = 0;
			knownRegions = (
				en,
				Base,
			);
			mainGroup = 5B93319D27A9A02700C61580;
			packageReferences = (
				5B64855727ABB6E800378FBC /* XCRemoteSwiftPackageReference "firebase-ios-sdk" */,
				9E5CB93C2D0B35E4008FE924 /* XCRemoteSwiftPackageReference "SwiftLocation" */,
				9E5CB93F2D0B3648008FE924 /* XCRemoteSwiftPackageReference "AudioKit" */,
				9E6483932D70592A00EA1BD0 /* XCRemoteSwiftPackageReference "AlamofireImage" */,
				9E6483A12D71E83F00EA1BD0 /* XCRemoteSwiftPackageReference "SDWebImageAVIFCoder" */,
			);
			productRefGroup = 5B9331A727A9A02700C61580 /* Products */;
			projectDirPath = "";
			projectRoot = "";
			targets = (
				5B9331A527A9A02700C61580 /* ToneKnows */,
			);
		};
/* End PBXProject section */

/* Begin PBXResourcesBuildPhase section */
		5B9331A427A9A02700C61580 /* Resources */ = {
			isa = PBXResourcesBuildPhase;
			buildActionMask = 2147483647;
			files = (
				9E1D25692BA0300E0047F2F0 /* GoogleService-Info.plist in Resources */,
				DFA414C627CE5423003647B5 /* frequency_tables.json in Resources */,
				9E37E2752D6EE4FD001DFC82 /* CustomAssets.xcassets in Resources */,
				5B9331AE27A9A02900C61580 /* Assets.xcassets in Resources */,
				9ECAC9B32BBD7DAA009E42AA /* home_response.json in Resources */,
			);
			runOnlyForDeploymentPostprocessing = 0;
		};
/* End PBXResourcesBuildPhase section */

/* Begin PBXSourcesBuildPhase section */
		5B9331A227A9A02700C61580 /* Sources */ = {
			isa = PBXSourcesBuildPhase;
			buildActionMask = 2147483647;
			files = (
				9E37E2612D6DB9D1001DFC82 /* MenuViewModel.swift in Sources */,
				9E37E2432D6DB987001DFC82 /* FeatureFlagManager.swift in Sources */,
				9E37E2A92D6F5CCA001DFC82 /* NetworkRequests.swift in Sources */,
				9E37E2602D6DB9D1001DFC82 /* NotificationViewModel.swift in Sources */,
				9E37E2512D6DB99C001DFC82 /* ToneDetectedSheet.swift in Sources */,
				9E37E23B2D6DB975001DFC82 /* ToneProtocols.swift in Sources */,
				9E37E25A2D6DB9B0001DFC82 /* SpectrumViewController.swift in Sources */,
				9E37E2442D6DB987001DFC82 /* LocationManager.swift in Sources */,
				9E37E2732D6EE162001DFC82 /* Extension + Assets.swift in Sources */,
				9E37E2452D6DB987001DFC82 /* SheetPresenter.swift in Sources */,
				9E37E22D2D6DB900001DFC82 /* BaseViewController.swift in Sources */,
				9E6483AC2D71ED0300EA1BD0 /* ImageLoader.swift in Sources */,
				9E37E22E2D6DB900001DFC82 /* MainViewController.swift in Sources */,
				9E37E2382D6DB961001DFC82 /* ImageDownloader.swift in Sources */,
				9E37E2532D6DB99C001DFC82 /* CustomTabBarView.swift in Sources */,
				9E37E2592D6DB9B0001DFC82 /* TryItViewController.swift in Sources */,
				9E6483982D707ECF00EA1BD0 /* ClientEntityModel.xcdatamodeld in Sources */,
				5B9331AC27A9A02700C61580 /* AppDelegate.swift in Sources */,
				9E37E2422D6DB987001DFC82 /* AudioProcessor.swift in Sources */,
				9E37E2792D6F1F5A001DFC82 /* ProgressIndicator.swift in Sources */,
				9E37E2462D6DB987001DFC82 /* PermissionManager.swift in Sources */,
				9E37E25C2D6DB9B0001DFC82 /* FrequencyViewController.swift in Sources */,
				9E37E25B2D6DB9B0001DFC82 /* ClientsViewController.swift in Sources */,
				9E37E2772D6EFA07001DFC82 /* SplashViewController.swift in Sources */,
				9E37E2502D6DB99C001DFC82 /* SpectrumAnalyzerView.swift in Sources */,
				9E37E2322D6DB93C001DFC82 /* ToneModels.swift in Sources */,
				9E37E24F2D6DB99C001DFC82 /* HeaderView.swift in Sources */,
				9E37E2522D6DB99C001DFC82 /* FrequencyListCell.swift in Sources */,
				9E37E2372D6DB961001DFC82 /* UserDefaults.swift in Sources */,
				9E37E24E2D6DB99C001DFC82 /* ClientsListCell.swift in Sources */,
			);
			runOnlyForDeploymentPostprocessing = 0;
		};
/* End PBXSourcesBuildPhase section */

/* Begin XCBuildConfiguration section */
		5B9331B227A9A02900C61580 /* Debug */ = {
			isa = XCBuildConfiguration;
			buildSettings = {
				ALWAYS_SEARCH_USER_PATHS = NO;
				CLANG_ANALYZER_NONNULL = YES;
				CLANG_ANALYZER_NUMBER_OBJECT_CONVERSION = YES_AGGRESSIVE;
				CLANG_CXX_LANGUAGE_STANDARD = "gnu++17";
				CLANG_CXX_LIBRARY = "libc++";
				CLANG_ENABLE_MODULES = YES;
				CLANG_ENABLE_OBJC_ARC = YES;
				CLANG_ENABLE_OBJC_WEAK = YES;
				CLANG_WARN_BLOCK_CAPTURE_AUTORELEASING = YES;
				CLANG_WARN_BOOL_CONVERSION = YES;
				CLANG_WARN_COMMA = YES;
				CLANG_WARN_CONSTANT_CONVERSION = YES;
				CLANG_WARN_DEPRECATED_OBJC_IMPLEMENTATIONS = YES;
				CLANG_WARN_DIRECT_OBJC_ISA_USAGE = YES_ERROR;
				CLANG_WARN_DOCUMENTATION_COMMENTS = YES;
				CLANG_WARN_EMPTY_BODY = YES;
				CLANG_WARN_ENUM_CONVERSION = YES;
				CLANG_WARN_INFINITE_RECURSION = YES;
				CLANG_WARN_INT_CONVERSION = YES;
				CLANG_WARN_NON_LITERAL_NULL_CONVERSION = YES;
				CLANG_WARN_OBJC_IMPLICIT_RETAIN_SELF = YES;
				CLANG_WARN_OBJC_LITERAL_CONVERSION = YES;
				CLANG_WARN_OBJC_ROOT_CLASS = YES_ERROR;
				CLANG_WARN_QUOTED_INCLUDE_IN_FRAMEWORK_HEADER = YES;
				CLANG_WARN_RANGE_LOOP_ANALYSIS = YES;
				CLANG_WARN_STRICT_PROTOTYPES = YES;
				CLANG_WARN_SUSPICIOUS_MOVE = YES;
				CLANG_WARN_UNGUARDED_AVAILABILITY = YES_AGGRESSIVE;
				CLANG_WARN_UNREACHABLE_CODE = YES;
				CLANG_WARN__DUPLICATE_METHOD_MATCH = YES;
				COPY_PHASE_STRIP = NO;
				DEBUG_INFORMATION_FORMAT = dwarf;
				ENABLE_STRICT_OBJC_MSGSEND = YES;
				ENABLE_TESTABILITY = YES;
				GCC_C_LANGUAGE_STANDARD = gnu11;
				GCC_DYNAMIC_NO_PIC = NO;
				GCC_NO_COMMON_BLOCKS = YES;
				GCC_OPTIMIZATION_LEVEL = 0;
				GCC_PREPROCESSOR_DEFINITIONS = (
					"DEBUG=1",
					"$(inherited)",
				);
				GCC_WARN_64_TO_32_BIT_CONVERSION = YES;
				GCC_WARN_ABOUT_RETURN_TYPE = YES_ERROR;
				GCC_WARN_UNDECLARED_SELECTOR = YES;
				GCC_WARN_UNINITIALIZED_AUTOS = YES_AGGRESSIVE;
				GCC_WARN_UNUSED_FUNCTION = YES;
				GCC_WARN_UNUSED_VARIABLE = YES;
				IPHONEOS_DEPLOYMENT_TARGET = 15.2;
				MTL_ENABLE_DEBUG_INFO = INCLUDE_SOURCE;
				MTL_FAST_MATH = YES;
				ONLY_ACTIVE_ARCH = YES;
				SCAN_ALL_SOURCE_FILES_FOR_INCLUDES = YES;
				SDKROOT = iphoneos;
				SUPPORTED_PLATFORMS = iphoneos;
				SWIFT_ACTIVE_COMPILATION_CONDITIONS = DEBUG;
				SWIFT_OPTIMIZATION_LEVEL = "-Onone";
			};
			name = Debug;
		};
		5B9331B327A9A02900C61580 /* Release */ = {
			isa = XCBuildConfiguration;
			buildSettings = {
				ALWAYS_SEARCH_USER_PATHS = NO;
				CLANG_ANALYZER_NONNULL = YES;
				CLANG_ANALYZER_NUMBER_OBJECT_CONVERSION = YES_AGGRESSIVE;
				CLANG_CXX_LANGUAGE_STANDARD = "gnu++17";
				CLANG_CXX_LIBRARY = "libc++";
				CLANG_ENABLE_MODULES = YES;
				CLANG_ENABLE_OBJC_ARC = YES;
				CLANG_ENABLE_OBJC_WEAK = YES;
				CLANG_WARN_BLOCK_CAPTURE_AUTORELEASING = YES;
				CLANG_WARN_BOOL_CONVERSION = YES;
				CLANG_WARN_COMMA = YES;
				CLANG_WARN_CONSTANT_CONVERSION = YES;
				CLANG_WARN_DEPRECATED_OBJC_IMPLEMENTATIONS = YES;
				CLANG_WARN_DIRECT_OBJC_ISA_USAGE = YES_ERROR;
				CLANG_WARN_DOCUMENTATION_COMMENTS = YES;
				CLANG_WARN_EMPTY_BODY = YES;
				CLANG_WARN_ENUM_CONVERSION = YES;
				CLANG_WARN_INFINITE_RECURSION = YES;
				CLANG_WARN_INT_CONVERSION = YES;
				CLANG_WARN_NON_LITERAL_NULL_CONVERSION = YES;
				CLANG_WARN_OBJC_IMPLICIT_RETAIN_SELF = YES;
				CLANG_WARN_OBJC_LITERAL_CONVERSION = YES;
				CLANG_WARN_OBJC_ROOT_CLASS = YES_ERROR;
				CLANG_WARN_QUOTED_INCLUDE_IN_FRAMEWORK_HEADER = YES;
				CLANG_WARN_RANGE_LOOP_ANALYSIS = YES;
				CLANG_WARN_STRICT_PROTOTYPES = YES;
				CLANG_WARN_SUSPICIOUS_MOVE = YES;
				CLANG_WARN_UNGUARDED_AVAILABILITY = YES_AGGRESSIVE;
				CLANG_WARN_UNREACHABLE_CODE = YES;
				CLANG_WARN__DUPLICATE_METHOD_MATCH = YES;
				COPY_PHASE_STRIP = NO;
				DEBUG_INFORMATION_FORMAT = "dwarf-with-dsym";
				ENABLE_NS_ASSERTIONS = NO;
				ENABLE_STRICT_OBJC_MSGSEND = YES;
				GCC_C_LANGUAGE_STANDARD = gnu11;
				GCC_NO_COMMON_BLOCKS = YES;
				GCC_WARN_64_TO_32_BIT_CONVERSION = YES;
				GCC_WARN_ABOUT_RETURN_TYPE = YES_ERROR;
				GCC_WARN_UNDECLARED_SELECTOR = YES;
				GCC_WARN_UNINITIALIZED_AUTOS = YES_AGGRESSIVE;
				GCC_WARN_UNUSED_FUNCTION = YES;
				GCC_WARN_UNUSED_VARIABLE = YES;
				IPHONEOS_DEPLOYMENT_TARGET = 15.2;
				MTL_ENABLE_DEBUG_INFO = NO;
				MTL_FAST_MATH = YES;
				SCAN_ALL_SOURCE_FILES_FOR_INCLUDES = YES;
				SDKROOT = iphoneos;
				SUPPORTED_PLATFORMS = iphoneos;
				SWIFT_COMPILATION_MODE = wholemodule;
				SWIFT_OPTIMIZATION_LEVEL = "-O";
				VALIDATE_PRODUCT = YES;
			};
			name = Release;
		};
		5B9331B527A9A02900C61580 /* Debug */ = {
			isa = XCBuildConfiguration;
			buildSettings = {
				ASSETCATALOG_COMPILER_APPICON_NAME = AppIcon;
				ASSETCATALOG_COMPILER_GLOBAL_ACCENT_COLOR_NAME = AccentColor;
				CODE_SIGN_ENTITLEMENTS = ToneKnows/ToneKnows.entitlements;
				CODE_SIGN_STYLE = Automatic;
				CURRENT_PROJECT_VERSION = 2;
				DEVELOPMENT_TEAM = N6J733ZXDX;
				ENABLE_PREVIEWS = YES;
				EXCLUDED_ARCHS = "";
				GENERATE_INFOPLIST_FILE = YES;
				INFOPLIST_FILE = ToneKnows/Info.plist;
				INFOPLIST_KEY_CFBundleDisplayName = "TONE Telegenics";
				INFOPLIST_KEY_LSApplicationCategoryType = "public.app-category.utilities";
				INFOPLIST_KEY_NSBluetoothAlwaysUsageDescription = "This app uses Bluetooth to detect nearby devices and provide enhanced functionality.";
				INFOPLIST_KEY_NSBluetoothPeripheralUsageDescription = "This app requires access to Bluetooth to connect and communicate with peripherals.";
				INFOPLIST_KEY_NSLocationAlwaysAndWhenInUseUsageDescription = "This app requires location access to monitor Wi-Fi networks continuously in the background.";
				INFOPLIST_KEY_NSLocationAlwaysUsageDescription = "This app requires location access to monitor Wi-Fi networks continuously in the background.";
				INFOPLIST_KEY_NSLocationWhenInUseUsageDescription = "This app needs location access to detect Wi-Fi networks in your area.";
				INFOPLIST_KEY_NSMicrophoneUsageDescription = "TONE Telegenics is an audio analysis app and therefore requires access to your microphone while you use the app to provide audio frequency spectrum analysis.";
				INFOPLIST_KEY_UIApplicationSupportsIndirectInputEvents = YES;
				INFOPLIST_KEY_UILaunchScreen_Generation = YES;
				INFOPLIST_KEY_UISupportedInterfaceOrientations = UIInterfaceOrientationPortrait;
				INFOPLIST_KEY_UISupportedInterfaceOrientations_iPad = "UIInterfaceOrientationLandscapeLeft UIInterfaceOrientationLandscapeRight UIInterfaceOrientationPortrait UIInterfaceOrientationPortraitUpsideDown";
				INFOPLIST_KEY_UIUserInterfaceStyle = Automatic;
				IPHONEOS_DEPLOYMENT_TARGET = 15.2;
				LD_RUNPATH_SEARCH_PATHS = (
					"$(inherited)",
					"@executable_path/Frameworks",
				);
				MARKETING_VERSION = 1.2.5;
				PRODUCT_BUNDLE_IDENTIFIER = "com.the-tone-knows-inc.demo1";
				PRODUCT_NAME = "$(TARGET_NAME)";
				SUPPORTED_PLATFORMS = iphoneos;
				SUPPORTS_MACCATALYST = NO;
				SUPPORTS_MAC_DESIGNED_FOR_IPHONE_IPAD = NO;
				SUPPORTS_XR_DESIGNED_FOR_IPHONE_IPAD = NO;
				SWIFT_EMIT_LOC_STRINGS = YES;
				SWIFT_VERSION = 5.0;
				TARGETED_DEVICE_FAMILY = 1;
			};
			name = Debug;
		};
		5B9331B627A9A02900C61580 /* Release */ = {
			isa = XCBuildConfiguration;
			buildSettings = {
				ASSETCATALOG_COMPILER_APPICON_NAME = AppIcon;
				ASSETCATALOG_COMPILER_GLOBAL_ACCENT_COLOR_NAME = AccentColor;
				CODE_SIGN_ENTITLEMENTS = ToneKnows/ToneKnows.entitlements;
				CODE_SIGN_STYLE = Automatic;
				CURRENT_PROJECT_VERSION = 2;
				DEVELOPMENT_TEAM = N6J733ZXDX;
				ENABLE_PREVIEWS = YES;
				EXCLUDED_ARCHS = "";
				GENERATE_INFOPLIST_FILE = YES;
				INFOPLIST_FILE = ToneKnows/Info.plist;
				INFOPLIST_KEY_CFBundleDisplayName = "TONE Telegenics";
				INFOPLIST_KEY_LSApplicationCategoryType = "public.app-category.utilities";
				INFOPLIST_KEY_NSBluetoothAlwaysUsageDescription = "This app uses Bluetooth to detect nearby devices and provide enhanced functionality.";
				INFOPLIST_KEY_NSBluetoothPeripheralUsageDescription = "This app requires access to Bluetooth to connect and communicate with peripherals.";
				INFOPLIST_KEY_NSLocationAlwaysAndWhenInUseUsageDescription = "This app requires location access to monitor Wi-Fi networks continuously in the background.";
				INFOPLIST_KEY_NSLocationAlwaysUsageDescription = "This app requires location access to monitor Wi-Fi networks continuously in the background.";
				INFOPLIST_KEY_NSLocationWhenInUseUsageDescription = "This app needs location access to detect Wi-Fi networks in your area.";
				INFOPLIST_KEY_NSMicrophoneUsageDescription = "TONE Telegenics is an audio analysis app and therefore requires access to your microphone while you use the app to provide audio frequency spectrum analysis.";
				INFOPLIST_KEY_UIApplicationSupportsIndirectInputEvents = YES;
				INFOPLIST_KEY_UILaunchScreen_Generation = YES;
				INFOPLIST_KEY_UISupportedInterfaceOrientations = UIInterfaceOrientationPortrait;
				INFOPLIST_KEY_UISupportedInterfaceOrientations_iPad = "UIInterfaceOrientationLandscapeLeft UIInterfaceOrientationLandscapeRight UIInterfaceOrientationPortrait UIInterfaceOrientationPortraitUpsideDown";
				INFOPLIST_KEY_UIUserInterfaceStyle = Automatic;
				IPHONEOS_DEPLOYMENT_TARGET = 15.2;
				LD_RUNPATH_SEARCH_PATHS = (
					"$(inherited)",
					"@executable_path/Frameworks",
				);
				MARKETING_VERSION = 1.2.5;
				PRODUCT_BUNDLE_IDENTIFIER = "com.the-tone-knows-inc.demo1";
				PRODUCT_NAME = "$(TARGET_NAME)";
				SUPPORTED_PLATFORMS = iphoneos;
				SUPPORTS_MACCATALYST = NO;
				SUPPORTS_MAC_DESIGNED_FOR_IPHONE_IPAD = NO;
				SUPPORTS_XR_DESIGNED_FOR_IPHONE_IPAD = NO;
				SWIFT_EMIT_LOC_STRINGS = YES;
				SWIFT_VERSION = 5.0;
				TARGETED_DEVICE_FAMILY = 1;
			};
			name = Release;
		};
/* End XCBuildConfiguration section */

/* Begin XCConfigurationList section */
		5B9331A127A9A02700C61580 /* Build configuration list for PBXProject "ToneKnows" */ = {
			isa = XCConfigurationList;
			buildConfigurations = (
				5B9331B227A9A02900C61580 /* Debug */,
				5B9331B327A9A02900C61580 /* Release */,
			);
			defaultConfigurationIsVisible = 0;
			defaultConfigurationName = Release;
		};
		5B9331B427A9A02900C61580 /* Build configuration list for PBXNativeTarget "ToneKnows" */ = {
			isa = XCConfigurationList;
			buildConfigurations = (
				5B9331B527A9A02900C61580 /* Debug */,
				5B9331B627A9A02900C61580 /* Release */,
			);
			defaultConfigurationIsVisible = 0;
			defaultConfigurationName = Release;
		};
/* End XCConfigurationList section */

/* Begin XCRemoteSwiftPackageReference section */
		5B64855727ABB6E800378FBC /* XCRemoteSwiftPackageReference "firebase-ios-sdk" */ = {
			isa = XCRemoteSwiftPackageReference;
			repositoryURL = "https://github.com/firebase/firebase-ios-sdk.git";
			requirement = {
				kind = upToNextMajorVersion;
				minimumVersion = 10.0.0;
			};
		};
		9E5CB93C2D0B35E4008FE924 /* XCRemoteSwiftPackageReference "SwiftLocation" */ = {
			isa = XCRemoteSwiftPackageReference;
			repositoryURL = "https://github.com/malcommac/SwiftLocation.git";
			requirement = {
				kind = upToNextMajorVersion;
				minimumVersion = 6.0.0;
			};
		};
		9E5CB93F2D0B3648008FE924 /* XCRemoteSwiftPackageReference "AudioKit" */ = {
			isa = XCRemoteSwiftPackageReference;
			repositoryURL = "https://github.com/AudioKit/AudioKit.git";
			requirement = {
				kind = upToNextMajorVersion;
				minimumVersion = 5.6.4;
			};
		};
		9E6483932D70592A00EA1BD0 /* XCRemoteSwiftPackageReference "AlamofireImage" */ = {
			isa = XCRemoteSwiftPackageReference;
			repositoryURL = "https://github.com/Alamofire/AlamofireImage.git";
			requirement = {
				kind = upToNextMajorVersion;
				minimumVersion = 4.3.0;
			};
		};
		9E6483A12D71E83F00EA1BD0 /* XCRemoteSwiftPackageReference "SDWebImageAVIFCoder" */ = {
			isa = XCRemoteSwiftPackageReference;
			repositoryURL = "https://github.com/SDWebImage/SDWebImageAVIFCoder.git";
			requirement = {
				kind = upToNextMajorVersion;
				minimumVersion = 0.11.0;
			};
		};
/* End XCRemoteSwiftPackageReference section */

/* Begin XCSwiftPackageProductDependency section */
		5B826CEF27F23D4000D812D0 /* FirebaseFirestore */ = {
			isa = XCSwiftPackageProductDependency;
			package = 5B64855727ABB6E800378FBC /* XCRemoteSwiftPackageReference "firebase-ios-sdk" */;
			productName = FirebaseFirestore;
		};
		5B826CF127F23D4000D812D0 /* FirebaseFirestoreCombine-Community */ = {
			isa = XCSwiftPackageProductDependency;
			package = 5B64855727ABB6E800378FBC /* XCRemoteSwiftPackageReference "firebase-ios-sdk" */;
			productName = "FirebaseFirestoreCombine-Community";
		};
		9E5CB93D2D0B35E4008FE924 /* SwiftLocation */ = {
			isa = XCSwiftPackageProductDependency;
			package = 9E5CB93C2D0B35E4008FE924 /* XCRemoteSwiftPackageReference "SwiftLocation" */;
			productName = SwiftLocation;
		};
		9E5CB9402D0B3648008FE924 /* AudioKit */ = {
			isa = XCSwiftPackageProductDependency;
			package = 9E5CB93F2D0B3648008FE924 /* XCRemoteSwiftPackageReference "AudioKit" */;
			productName = AudioKit;
		};
		9E6483942D70592A00EA1BD0 /* AlamofireImage */ = {
			isa = XCSwiftPackageProductDependency;
			package = 9E6483932D70592A00EA1BD0 /* XCRemoteSwiftPackageReference "AlamofireImage" */;
			productName = AlamofireImage;
		};
		9E6483A22D71E83F00EA1BD0 /* SDWebImageAVIFCoder */ = {
			isa = XCSwiftPackageProductDependency;
			package = 9E6483A12D71E83F00EA1BD0 /* XCRemoteSwiftPackageReference "SDWebImageAVIFCoder" */;
			productName = SDWebImageAVIFCoder;
		};
/* End XCSwiftPackageProductDependency section */

/* Begin XCVersionGroup section */
		9E6483962D707ECF00EA1BD0 /* ClientEntityModel.xcdatamodeld */ = {
			isa = XCVersionGroup;
			children = (
				9E6483972D707ECF00EA1BD0 /* ClientEntity.xcdatamodel */,
			);
			currentVersion = 9E6483972D707ECF00EA1BD0 /* ClientEntity.xcdatamodel */;
			path = ClientEntityModel.xcdatamodeld;
			sourceTree = "<group>";
			versionGroupType = wrapper.xcdatamodel;
		};
/* End XCVersionGroup section */
	};
	rootObject = 5B93319E27A9A02700C61580 /* Project object */;
}
